
Microsoft Visual Studio Solution File, Format Version 12.00
# Visual Studio Version 17
VisualStudioVersion = 17.7.34202.233
MinimumVisualStudioVersion = 10.0.40219.1
Project("{9A19103F-16F7-4668-BE54-9A1E7A4F7556}") = "DesignPattern.UI", "DesignPattern.UI\DesignPattern.UI.csproj", "{F196C795-7B3B-411E-995D-32E51F461525}"
EndProject
Project("{9A19103F-16F7-4668-BE54-9A1E7A4F7556}") = "NonBuilderPatternForPizzaExample", "NonBuilderPatternForPizzaExample\NonBuilderPatternForPizzaExample.csproj", "{2E79DCF6-F174-4EBA-A201-867386E733F6}"
EndProject
Project("{9A19103F-16F7-4668-BE54-9A1E7A4F7556}") = "BuilderPatternForPizzaExample", "BuilderPatternForPizzaExample\BuilderPatternForPizzaExample.csproj", "{EACF9763-38D6-4D54-A984-83D4501A5D66}"
EndProject
Project("{9A19103F-16F7-4668-BE54-9A1E7A4F7556}") = "BuilderDesignPatternForHouseExample", "BuilderDesignPatternForHouseExample\BuilderDesignPatternForHouseExample.csproj", "{9B776DF5-2470-4C6E-BBAA-225BA98E6838}"
EndProject
Project("{9A19103F-16F7-4668-BE54-9A1E7A4F7556}") = "FactoryMethodDesignPattern", "FactoryMethodDesignPattern\FactoryMethodDesignPattern.csproj", "{141153DF-030A-42AF-ADE6-3E680106B536}"
EndProject
Project("{9A19103F-16F7-4668-BE54-9A1E7A4F7556}") = "AbstractFactoryDesignPattern", "BuilderFactoryDesignPattern\AbstractFactoryDesignPattern.csproj", "{D63359A7-04E6-4B8D-8E67-ADAE271948D0}"
EndProject
Project("{9A19103F-16F7-4668-BE54-9A1E7A4F7556}") = "PrototypeDesignPattern", "PrototypeDesignPattern\PrototypeDesignPattern.csproj", "{B4332300-4B1F-4315-BDD3-769CF17C34B1}"
EndProject
Project("{9A19103F-16F7-4668-BE54-9A1E7A4F7556}") = "AdapterDesignPattern", "AdapterDesignPattern\AdapterDesignPattern.csproj", "{D4B8CFC7-A5CD-49C6-A508-31FE1D59A0F7}"
EndProject
Project("{9A19103F-16F7-4668-BE54-9A1E7A4F7556}") = "BridgeDesignPattern", "BridgeDesignPattern\BridgeDesignPattern.csproj", "{3FF5F71C-2C2D-4E46-A868-957D44D33BA9}"
EndProject
Project("{9A19103F-16F7-4668-BE54-9A1E7A4F7556}") = "BridgeDesignPattern2", "BridgeDesignPattern2\BridgeDesignPattern2.csproj", "{9BCD69FB-E905-4675-956D-6E784D8B96AB}"
EndProject
Project("{9A19103F-16F7-4668-BE54-9A1E7A4F7556}") = "CompositeDesignPattern", "CompositeDesignPattern\CompositeDesignPattern.csproj", "{C68CECA4-7E72-457A-A7D4-FAB11883FB7D}"
EndProject
Project("{FAE04EC0-301F-11D3-BF4B-00C04F79EFBC}") = "CompositeDesignPattern2", "CompositeDesignPattern2\CompositeDesignPattern2.csproj", "{FBC704F9-047E-4090-BF4C-13954B78B99E}"
EndProject
Global
	GlobalSection(SolutionConfigurationPlatforms) = preSolution
		Debug|Any CPU = Debug|Any CPU
		Release|Any CPU = Release|Any CPU
	EndGlobalSection
	GlobalSection(ProjectConfigurationPlatforms) = postSolution
		{F196C795-7B3B-411E-995D-32E51F461525}.Debug|Any CPU.ActiveCfg = Debug|Any CPU
		{F196C795-7B3B-411E-995D-32E51F461525}.Debug|Any CPU.Build.0 = Debug|Any CPU
		{F196C795-7B3B-411E-995D-32E51F461525}.Release|Any CPU.ActiveCfg = Release|Any CPU
		{F196C795-7B3B-411E-995D-32E51F461525}.Release|Any CPU.Build.0 = Release|Any CPU
		{2E79DCF6-F174-4EBA-A201-867386E733F6}.Debug|Any CPU.ActiveCfg = Debug|Any CPU
		{2E79DCF6-F174-4EBA-A201-867386E733F6}.Debug|Any CPU.Build.0 = Debug|Any CPU
		{2E79DCF6-F174-4EBA-A201-867386E733F6}.Release|Any CPU.ActiveCfg = Release|Any CPU
		{2E79DCF6-F174-4EBA-A201-867386E733F6}.Release|Any CPU.Build.0 = Release|Any CPU
		{EACF9763-38D6-4D54-A984-83D4501A5D66}.Debug|Any CPU.ActiveCfg = Debug|Any CPU
		{EACF9763-38D6-4D54-A984-83D4501A5D66}.Debug|Any CPU.Build.0 = Debug|Any CPU
		{EACF9763-38D6-4D54-A984-83D4501A5D66}.Release|Any CPU.ActiveCfg = Release|Any CPU
		{EACF9763-38D6-4D54-A984-83D4501A5D66}.Release|Any CPU.Build.0 = Release|Any CPU
		{9B776DF5-2470-4C6E-BBAA-225BA98E6838}.Debug|Any CPU.ActiveCfg = Debug|Any CPU
		{9B776DF5-2470-4C6E-BBAA-225BA98E6838}.Debug|Any CPU.Build.0 = Debug|Any CPU
		{9B776DF5-2470-4C6E-BBAA-225BA98E6838}.Release|Any CPU.ActiveCfg = Release|Any CPU
		{9B776DF5-2470-4C6E-BBAA-225BA98E6838}.Release|Any CPU.Build.0 = Release|Any CPU
		{141153DF-030A-42AF-ADE6-3E680106B536}.Debug|Any CPU.ActiveCfg = Debug|Any CPU
		{141153DF-030A-42AF-ADE6-3E680106B536}.Debug|Any CPU.Build.0 = Debug|Any CPU
		{141153DF-030A-42AF-ADE6-3E680106B536}.Release|Any CPU.ActiveCfg = Release|Any CPU
		{141153DF-030A-42AF-ADE6-3E680106B536}.Release|Any CPU.Build.0 = Release|Any CPU
		{D63359A7-04E6-4B8D-8E67-ADAE271948D0}.Debug|Any CPU.ActiveCfg = Debug|Any CPU
		{D63359A7-04E6-4B8D-8E67-ADAE271948D0}.Debug|Any CPU.Build.0 = Debug|Any CPU
		{D63359A7-04E6-4B8D-8E67-ADAE271948D0}.Release|Any CPU.ActiveCfg = Release|Any CPU
		{D63359A7-04E6-4B8D-8E67-ADAE271948D0}.Release|Any CPU.Build.0 = Release|Any CPU
		{B4332300-4B1F-4315-BDD3-769CF17C34B1}.Debug|Any CPU.ActiveCfg = Debug|Any CPU
		{B4332300-4B1F-4315-BDD3-769CF17C34B1}.Debug|Any CPU.Build.0 = Debug|Any CPU
		{B4332300-4B1F-4315-BDD3-769CF17C34B1}.Release|Any CPU.ActiveCfg = Release|Any CPU
		{B4332300-4B1F-4315-BDD3-769CF17C34B1}.Release|Any CPU.Build.0 = Release|Any CPU
		{D4B8CFC7-A5CD-49C6-A508-31FE1D59A0F7}.Debug|Any CPU.ActiveCfg = Debug|Any CPU
		{D4B8CFC7-A5CD-49C6-A508-31FE1D59A0F7}.Debug|Any CPU.Build.0 = Debug|Any CPU
		{D4B8CFC7-A5CD-49C6-A508-31FE1D59A0F7}.Release|Any CPU.ActiveCfg = Release|Any CPU
		{D4B8CFC7-A5CD-49C6-A508-31FE1D59A0F7}.Release|Any CPU.Build.0 = Release|Any CPU
		{3FF5F71C-2C2D-4E46-A868-957D44D33BA9}.Debug|Any CPU.ActiveCfg = Debug|Any CPU
		{3FF5F71C-2C2D-4E46-A868-957D44D33BA9}.Debug|Any CPU.Build.0 = Debug|Any CPU
		{3FF5F71C-2C2D-4E46-A868-957D44D33BA9}.Release|Any CPU.ActiveCfg = Release|Any CPU
		{3FF5F71C-2C2D-4E46-A868-957D44D33BA9}.Release|Any CPU.Build.0 = Release|Any CPU
		{9BCD69FB-E905-4675-956D-6E784D8B96AB}.Debug|Any CPU.ActiveCfg = Debug|Any CPU
		{9BCD69FB-E905-4675-956D-6E784D8B96AB}.Debug|Any CPU.Build.0 = Debug|Any CPU
		{9BCD69FB-E905-4675-956D-6E784D8B96AB}.Release|Any CPU.ActiveCfg = Release|Any CPU
		{9BCD69FB-E905-4675-956D-6E784D8B96AB}.Release|Any CPU.Build.0 = Release|Any CPU
		{C68CECA4-7E72-457A-A7D4-FAB11883FB7D}.Debug|Any CPU.ActiveCfg = Debug|Any CPU
		{C68CECA4-7E72-457A-A7D4-FAB11883FB7D}.Debug|Any CPU.Build.0 = Debug|Any CPU
		{C68CECA4-7E72-457A-A7D4-FAB11883FB7D}.Release|Any CPU.ActiveCfg = Release|Any CPU
		{C68CECA4-7E72-457A-A7D4-FAB11883FB7D}.Release|Any CPU.Build.0 = Release|Any CPU
		{FBC704F9-047E-4090-BF4C-13954B78B99E}.Debug|Any CPU.ActiveCfg = Debug|Any CPU
		{FBC704F9-047E-4090-BF4C-13954B78B99E}.Debug|Any CPU.Build.0 = Debug|Any CPU
		{FBC704F9-047E-4090-BF4C-13954B78B99E}.Release|Any CPU.ActiveCfg = Release|Any CPU
		{FBC704F9-047E-4090-BF4C-13954B78B99E}.Release|Any CPU.Build.0 = Release|Any CPU
	EndGlobalSection
	GlobalSection(SolutionProperties) = preSolution
		HideSolutionNode = FALSE
	EndGlobalSection
	GlobalSection(ExtensibilityGlobals) = postSolution
		SolutionGuid = {8731A2DC-B34F-4776-A523-76B48DDAF1D1}
	EndGlobalSection
EndGlobal
